
Microsoft Visual Studio Solution File, Format Version 12.00
# Visual Studio Version 17
VisualStudioVersion = 17.13.35931.197 d17.13
MinimumVisualStudioVersion = 10.0.40219.1
Project("{FAE04EC0-301F-11D3-BF4B-00C04F79EFBC}") = "Clinis_infosys", "Clinis_infosys.csproj", "{67A8DCF5-79A9-4424-B919-A484EA0B120E}"
EndProject
Global
	GlobalSection(SolutionConfigurationPlatforms) = preSolution
		Debug|Any CPU = Debug|Any CPU
		Release|Any CPU = Release|Any CPU
	EndGlobalSection
	GlobalSection(ProjectConfigurationPlatforms) = postSolution
		{67A8DCF5-79A9-4424-B919-A484EA0B120E}.Debug|Any CPU.ActiveCfg = Debug|Any CPU
		{67A8DCF5-79A9-4424-B919-A484EA0B120E}.Debug|Any CPU.Build.0 = Debug|Any CPU
		{67A8DCF5-79A9-4424-B919-A484EA0B120E}.Release|Any CPU.ActiveCfg = Release|Any CPU
		{67A8DCF5-79A9-4424-B919-A484EA0B120E}.Release|Any CPU.Build.0 = Release|Any CPU
	EndGlobalSection
	GlobalSection(SolutionProperties) = preSolution
		HideSolutionNode = FALSE
	EndGlobalSection
	GlobalSection(ExtensibilityGlobals) = postSolution
		SolutionGuid = {AE2B7B98-A660-4790-8503-E580AD79851B}
	EndGlobalSection
EndGlobal
